
Microsoft Visual Studio Solution File, Format Version 12.00
# Visual Studio Version 17
VisualStudioVersion = 17.14.36623.8 d17.14
MinimumVisualStudioVersion = 10.0.40219.1
Project("{FAE04EC0-301F-11D3-BF4B-00C04F79EFBC}") = "ArrayLibary", "ArrayLibary\ArrayLibary.csproj", "{92C17FE3-4A41-4990-BC2A-9AA83E687A07}"
EndProject
Project("{FAE04EC0-301F-11D3-BF4B-00C04F79EFBC}") = "mesima1array", "mesima1array\mesima1array.csproj", "{72E47D31-37DA-419D-B407-D5E7C980A739}"
EndProject
Global
	GlobalSection(SolutionConfigurationPlatforms) = preSolution
		Debug|Any CPU = Debug|Any CPU
		Release|Any CPU = Release|Any CPU
	EndGlobalSection
	GlobalSection(ProjectConfigurationPlatforms) = postSolution
		{92C17FE3-4A41-4990-BC2A-9AA83E687A07}.Debug|Any CPU.ActiveCfg = Debug|Any CPU
		{92C17FE3-4A41-4990-BC2A-9AA83E687A07}.Debug|Any CPU.Build.0 = Debug|Any CPU
		{92C17FE3-4A41-4990-BC2A-9AA83E687A07}.Release|Any CPU.ActiveCfg = Release|Any CPU
		{92C17FE3-4A41-4990-BC2A-9AA83E687A07}.Release|Any CPU.Build.0 = Release|Any CPU
		{72E47D31-37DA-419D-B407-D5E7C980A739}.Debug|Any CPU.ActiveCfg = Debug|Any CPU
		{72E47D31-37DA-419D-B407-D5E7C980A739}.Debug|Any CPU.Build.0 = Debug|Any CPU
		{72E47D31-37DA-419D-B407-D5E7C980A739}.Release|Any CPU.ActiveCfg = Release|Any CPU
		{72E47D31-37DA-419D-B407-D5E7C980A739}.Release|Any CPU.Build.0 = Release|Any CPU
	EndGlobalSection
	GlobalSection(SolutionProperties) = preSolution
		HideSolutionNode = FALSE
	EndGlobalSection
	GlobalSection(ExtensibilityGlobals) = postSolution
		SolutionGuid = {6EE00FC3-25BD-414D-A81B-A8BED6C17FA7}
	EndGlobalSection
EndGlobal
